PODS:
  - Flutter (1.0.0)
  - flutter_interactive_keyboard (0.0.1):
    - Flutter

DEPENDENCIES:
  - Flutter (from `.symlinks/flutter/ios`)
  - flutter_interactive_keyboard (from `.symlinks/plugins/flutter_interactive_keyboard/ios`)

EXTERNAL SOURCES:
  Flutter:
    :path: ".symlinks/flutter/ios"
  flutter_interactive_keyboard:
    :path: ".symlinks/plugins/flutter_interactive_keyboard/ios"

SPEC CHECKSUMS:
  Flutter: 0e3d915762c693b495b44d77113d4970485de6ec
  flutter_interactive_keyboard: 1848f3cab204cd178b8f081d0a2ee0b34c5b1962

PODFILE CHECKSUM: ebd43b443038e611b86ede96e613bd6033c49497

COCOAPODS: 1.8.4
